
Microsoft Visual Studio Solution File, Format Version 12.00
# Visual Studio Version 17
VisualStudioVersion = 17.0.32014.148
MinimumVisualStudioVersion = 10.0.40219.1
Project("{FAE04EC0-301F-11D3-BF4B-00C04F79EFBC}") = "CourseProject", "CourseProject\CourseProject.csproj", "{631B2CFB-7A1C-48DE-877C-DD3A49ACFC66}"
EndProject
Global
	GlobalSection(SolutionConfigurationPlatforms) = preSolution
		Debug|Any CPU = Debug|Any CPU
		Release|Any CPU = Release|Any CPU
	EndGlobalSection
	GlobalSection(ProjectConfigurationPlatforms) = postSolution
		{631B2CFB-7A1C-48DE-877C-DD3A49ACFC66}.Debug|Any CPU.ActiveCfg = Debug|Any CPU
		{631B2CFB-7A1C-48DE-877C-DD3A49ACFC66}.Debug|Any CPU.Build.0 = Debug|Any CPU
		{631B2CFB-7A1C-48DE-877C-DD3A49ACFC66}.Release|Any CPU.ActiveCfg = Release|Any CPU
		{631B2CFB-7A1C-48DE-877C-DD3A49ACFC66}.Release|Any CPU.Build.0 = Release|Any CPU
	EndGlobalSection
	GlobalSection(SolutionProperties) = preSolution
		HideSolutionNode = FALSE
	EndGlobalSection
	GlobalSection(ExtensibilityGlobals) = postSolution
		SolutionGuid = {14916B01-5662-458E-982E-7A3CF5EBC0F9}
	EndGlobalSection
EndGlobal
